
Microsoft Visual Studio Solution File, Format Version 12.00
# Visual Studio Version 16
VisualStudioVersion = 16.0.31624.102
MinimumVisualStudioVersion = 10.0.40219.1
Project("{FAE04EC0-301F-11D3-BF4B-00C04F79EFBC}") = "110-1-Final-Project", "110-1-Final-Project\110-1-Final-Project.csproj", "{EC1DDC73-8192-42AE-9BD7-38B29BC8ECB2}"
EndProject
Global
	GlobalSection(SolutionConfigurationPlatforms) = preSolution
		Debug|Any CPU = Debug|Any CPU
		Release|Any CPU = Release|Any CPU
	EndGlobalSection
	GlobalSection(ProjectConfigurationPlatforms) = postSolution
		{EC1DDC73-8192-42AE-9BD7-38B29BC8ECB2}.Debug|Any CPU.ActiveCfg = Debug|Any CPU
		{EC1DDC73-8192-42AE-9BD7-38B29BC8ECB2}.Debug|Any CPU.Build.0 = Debug|Any CPU
		{EC1DDC73-8192-42AE-9BD7-38B29BC8ECB2}.Release|Any CPU.ActiveCfg = Release|Any CPU
		{EC1DDC73-8192-42AE-9BD7-38B29BC8ECB2}.Release|Any CPU.Build.0 = Release|Any CPU
	EndGlobalSection
	GlobalSection(SolutionProperties) = preSolution
		HideSolutionNode = FALSE
	EndGlobalSection
	GlobalSection(ExtensibilityGlobals) = postSolution
		SolutionGuid = {E6122E82-9715-474E-AD6A-CEB56BB4718A}
	EndGlobalSection
EndGlobal
